
Microsoft Visual Studio Solution File, Format Version 12.00
# Visual Studio Version 17
VisualStudioVersion = 17.0.31903.59
MinimumVisualStudioVersion = 10.0.40219.1
Project("{2150E333-8FDC-42A3-9474-1A3956D46DE8}") = "src", "src", "{4CEB20E5-3162-47E1-8339-E2B02E57B127}"
EndProject
Project("{FAE04EC0-301F-11D3-BF4B-00C04F79EFBC}") = "Core", "src\NexusECS.Core\Core.csproj", "{79F4C9B6-9633-4C33-94DF-74EA876E46F1}"
EndProject
Project("{FAE04EC0-301F-11D3-BF4B-00C04F79EFBC}") = "Console", "src\NexusECS.Console\Console.csproj", "{270A9A4B-9C3D-4A70-9EC4-266D5FEBBCBB}"
EndProject
Project("{FAE04EC0-301F-11D3-BF4B-00C04F79EFBC}") = "LeoECSLite", "src\NexusECS.ECS\LeoECSLite.csproj", "{2A0E4BDA-A474-4947-A9D3-5FB8D0E5178F}"
EndProject
Global
	GlobalSection(SolutionConfigurationPlatforms) = preSolution
		Debug|Any CPU = Debug|Any CPU
		Release|Any CPU = Release|Any CPU
	EndGlobalSection
	GlobalSection(SolutionProperties) = preSolution
		HideSolutionNode = FALSE
	EndGlobalSection
	GlobalSection(ProjectConfigurationPlatforms) = postSolution
		{79F4C9B6-9633-4C33-94DF-74EA876E46F1}.Debug|Any CPU.ActiveCfg = Debug|Any CPU
		{79F4C9B6-9633-4C33-94DF-74EA876E46F1}.Debug|Any CPU.Build.0 = Debug|Any CPU
		{79F4C9B6-9633-4C33-94DF-74EA876E46F1}.Release|Any CPU.ActiveCfg = Release|Any CPU
		{79F4C9B6-9633-4C33-94DF-74EA876E46F1}.Release|Any CPU.Build.0 = Release|Any CPU
		{270A9A4B-9C3D-4A70-9EC4-266D5FEBBCBB}.Debug|Any CPU.ActiveCfg = Debug|Any CPU
		{270A9A4B-9C3D-4A70-9EC4-266D5FEBBCBB}.Debug|Any CPU.Build.0 = Debug|Any CPU
		{270A9A4B-9C3D-4A70-9EC4-266D5FEBBCBB}.Release|Any CPU.ActiveCfg = Release|Any CPU
		{270A9A4B-9C3D-4A70-9EC4-266D5FEBBCBB}.Release|Any CPU.Build.0 = Release|Any CPU
		{2A0E4BDA-A474-4947-A9D3-5FB8D0E5178F}.Debug|Any CPU.ActiveCfg = Debug|Any CPU
		{2A0E4BDA-A474-4947-A9D3-5FB8D0E5178F}.Debug|Any CPU.Build.0 = Debug|Any CPU
		{2A0E4BDA-A474-4947-A9D3-5FB8D0E5178F}.Release|Any CPU.ActiveCfg = Release|Any CPU
		{2A0E4BDA-A474-4947-A9D3-5FB8D0E5178F}.Release|Any CPU.Build.0 = Release|Any CPU
	EndGlobalSection
	GlobalSection(NestedProjects) = preSolution
		{79F4C9B6-9633-4C33-94DF-74EA876E46F1} = {4CEB20E5-3162-47E1-8339-E2B02E57B127}
		{270A9A4B-9C3D-4A70-9EC4-266D5FEBBCBB} = {4CEB20E5-3162-47E1-8339-E2B02E57B127}
		{2A0E4BDA-A474-4947-A9D3-5FB8D0E5178F} = {4CEB20E5-3162-47E1-8339-E2B02E57B127}
	EndGlobalSection
EndGlobal
